
Microsoft Visual Studio Solution File, Format Version 12.00
# Visual Studio 15
VisualStudioVersion = 15.0.26730.16
MinimumVisualStudioVersion = 10.0.40219.1
Project("{FAE04EC0-301F-11D3-BF4B-00C04F79EFBC}") = "Drinks", "Drinks\Drinks.csproj", "{D0EA571A-45AC-4F16-8027-92AA46E8DFAF}"
EndProject
Project("{FAE04EC0-301F-11D3-BF4B-00C04F79EFBC}") = "IntervalOfNumbers", "IntervalOfNumbers\IntervalOfNumbers.csproj", "{2969B7C5-8B3F-4E4C-8F50-A5E59D109910}"
EndProject
Project("{FAE04EC0-301F-11D3-BF4B-00C04F79EFBC}") = "Restaurant", "Restaurant\Restaurant.csproj", "{6FBC474C-61BE-4C45-A79C-27884EDF9F32}"
EndProject
Project("{FAE04EC0-301F-11D3-BF4B-00C04F79EFBC}") = "Hotel", "Hotel\Hotel.csproj", "{09156DF3-ED5C-417D-B007-4B82666145C6}"
EndProject
Project("{FAE04EC0-301F-11D3-BF4B-00C04F79EFBC}") = "WordInPlural", "WordInPlural\WordInPlural.csproj", "{99F6D16A-7325-4EBA-989D-AA59A0474891}"
EndProject
Project("{FAE04EC0-301F-11D3-BF4B-00C04F79EFBC}") = "Hotel1", "Hotel1\Hotel1.csproj", "{7354F9EB-69D0-427F-B6BB-DCDF476CC530}"
EndProject
Project("{FAE04EC0-301F-11D3-BF4B-00C04F79EFBC}") = "gameOfNumbers", "gameOfNumbers\gameOfNumbers.csproj", "{CF8868C8-18AF-426C-9C2E-0BF4E9BFC552}"
EndProject
Project("{FAE04EC0-301F-11D3-BF4B-00C04F79EFBC}") = "magicNumbers", "magicNumbers\magicNumbers.csproj", "{65C16DDD-C34A-48B8-B1B4-ADD34FC92099}"
EndProject
Project("{FAE04EC0-301F-11D3-BF4B-00C04F79EFBC}") = "NeighbourWars", "NeighbourWars\NeighbourWars.csproj", "{E5CA4EF6-9F52-40D7-8AD0-2382CBB07A7C}"
EndProject
Project("{FAE04EC0-301F-11D3-BF4B-00C04F79EFBC}") = "CakeIngredients", "CakeIngredients\CakeIngredients.csproj", "{746753F7-3C27-4E16-9CD5-2FECBA87BB73}"
EndProject
Project("{FAE04EC0-301F-11D3-BF4B-00C04F79EFBC}") = "CalorieCalculator", "CalorieCalculator\CalorieCalculator.csproj", "{AA90966A-0F19-4C20-A02C-7A4E4D2DCB24}"
EndProject
Project("{FAE04EC0-301F-11D3-BF4B-00C04F79EFBC}") = "countIntegers", "countIntegers\countIntegers.csproj", "{8D316654-B3E7-43C7-BC3C-E1040B5DD1C3}"
EndProject
Project("{FAE04EC0-301F-11D3-BF4B-00C04F79EFBC}") = "TriangleOfNumbers", "TriangleOfNumbers\TriangleOfNumbers.csproj", "{EAA7693C-96FC-4C16-BA5C-C23108C33FC0}"
EndProject
Project("{FAE04EC0-301F-11D3-BF4B-00C04F79EFBC}") = "5DiffNumbers", "ConsoleApp1\5DiffNumbers.csproj", "{76F7F6DE-0C9B-4764-8331-AB7F06752730}"
EndProject
Project("{FAE04EC0-301F-11D3-BF4B-00C04F79EFBC}") = "TestNumbers", "TestNumbers\TestNumbers.csproj", "{9EE9BACF-09ED-4A05-B090-3586E8F37276}"
EndProject
Global
	GlobalSection(SolutionConfigurationPlatforms) = preSolution
		Debug|Any CPU = Debug|Any CPU
		Release|Any CPU = Release|Any CPU
	EndGlobalSection
	GlobalSection(ProjectConfigurationPlatforms) = postSolution
		{D0EA571A-45AC-4F16-8027-92AA46E8DFAF}.Debug|Any CPU.ActiveCfg = Debug|Any CPU
		{D0EA571A-45AC-4F16-8027-92AA46E8DFAF}.Debug|Any CPU.Build.0 = Debug|Any CPU
		{D0EA571A-45AC-4F16-8027-92AA46E8DFAF}.Release|Any CPU.ActiveCfg = Release|Any CPU
		{D0EA571A-45AC-4F16-8027-92AA46E8DFAF}.Release|Any CPU.Build.0 = Release|Any CPU
		{2969B7C5-8B3F-4E4C-8F50-A5E59D109910}.Debug|Any CPU.ActiveCfg = Debug|Any CPU
		{2969B7C5-8B3F-4E4C-8F50-A5E59D109910}.Debug|Any CPU.Build.0 = Debug|Any CPU
		{2969B7C5-8B3F-4E4C-8F50-A5E59D109910}.Release|Any CPU.ActiveCfg = Release|Any CPU
		{2969B7C5-8B3F-4E4C-8F50-A5E59D109910}.Release|Any CPU.Build.0 = Release|Any CPU
		{6FBC474C-61BE-4C45-A79C-27884EDF9F32}.Debug|Any CPU.ActiveCfg = Debug|Any CPU
		{6FBC474C-61BE-4C45-A79C-27884EDF9F32}.Debug|Any CPU.Build.0 = Debug|Any CPU
		{6FBC474C-61BE-4C45-A79C-27884EDF9F32}.Release|Any CPU.ActiveCfg = Release|Any CPU
		{6FBC474C-61BE-4C45-A79C-27884EDF9F32}.Release|Any CPU.Build.0 = Release|Any CPU
		{09156DF3-ED5C-417D-B007-4B82666145C6}.Debug|Any CPU.ActiveCfg = Debug|Any CPU
		{09156DF3-ED5C-417D-B007-4B82666145C6}.Debug|Any CPU.Build.0 = Debug|Any CPU
		{09156DF3-ED5C-417D-B007-4B82666145C6}.Release|Any CPU.ActiveCfg = Release|Any CPU
		{09156DF3-ED5C-417D-B007-4B82666145C6}.Release|Any CPU.Build.0 = Release|Any CPU
		{99F6D16A-7325-4EBA-989D-AA59A0474891}.Debug|Any CPU.ActiveCfg = Debug|Any CPU
		{99F6D16A-7325-4EBA-989D-AA59A0474891}.Debug|Any CPU.Build.0 = Debug|Any CPU
		{99F6D16A-7325-4EBA-989D-AA59A0474891}.Release|Any CPU.ActiveCfg = Release|Any CPU
		{99F6D16A-7325-4EBA-989D-AA59A0474891}.Release|Any CPU.Build.0 = Release|Any CPU
		{7354F9EB-69D0-427F-B6BB-DCDF476CC530}.Debug|Any CPU.ActiveCfg = Debug|Any CPU
		{7354F9EB-69D0-427F-B6BB-DCDF476CC530}.Debug|Any CPU.Build.0 = Debug|Any CPU
		{7354F9EB-69D0-427F-B6BB-DCDF476CC530}.Release|Any CPU.ActiveCfg = Release|Any CPU
		{7354F9EB-69D0-427F-B6BB-DCDF476CC530}.Release|Any CPU.Build.0 = Release|Any CPU
		{CF8868C8-18AF-426C-9C2E-0BF4E9BFC552}.Debug|Any CPU.ActiveCfg = Debug|Any CPU
		{CF8868C8-18AF-426C-9C2E-0BF4E9BFC552}.Debug|Any CPU.Build.0 = Debug|Any CPU
		{CF8868C8-18AF-426C-9C2E-0BF4E9BFC552}.Release|Any CPU.ActiveCfg = Release|Any CPU
		{CF8868C8-18AF-426C-9C2E-0BF4E9BFC552}.Release|Any CPU.Build.0 = Release|Any CPU
		{65C16DDD-C34A-48B8-B1B4-ADD34FC92099}.Debug|Any CPU.ActiveCfg = Debug|Any CPU
		{65C16DDD-C34A-48B8-B1B4-ADD34FC92099}.Debug|Any CPU.Build.0 = Debug|Any CPU
		{65C16DDD-C34A-48B8-B1B4-ADD34FC92099}.Release|Any CPU.ActiveCfg = Release|Any CPU
		{65C16DDD-C34A-48B8-B1B4-ADD34FC92099}.Release|Any CPU.Build.0 = Release|Any CPU
		{E5CA4EF6-9F52-40D7-8AD0-2382CBB07A7C}.Debug|Any CPU.ActiveCfg = Debug|Any CPU
		{E5CA4EF6-9F52-40D7-8AD0-2382CBB07A7C}.Debug|Any CPU.Build.0 = Debug|Any CPU
		{E5CA4EF6-9F52-40D7-8AD0-2382CBB07A7C}.Release|Any CPU.ActiveCfg = Release|Any CPU
		{E5CA4EF6-9F52-40D7-8AD0-2382CBB07A7C}.Release|Any CPU.Build.0 = Release|Any CPU
		{746753F7-3C27-4E16-9CD5-2FECBA87BB73}.Debug|Any CPU.ActiveCfg = Debug|Any CPU
		{746753F7-3C27-4E16-9CD5-2FECBA87BB73}.Debug|Any CPU.Build.0 = Debug|Any CPU
		{746753F7-3C27-4E16-9CD5-2FECBA87BB73}.Release|Any CPU.ActiveCfg = Release|Any CPU
		{746753F7-3C27-4E16-9CD5-2FECBA87BB73}.Release|Any CPU.Build.0 = Release|Any CPU
		{AA90966A-0F19-4C20-A02C-7A4E4D2DCB24}.Debug|Any CPU.ActiveCfg = Debug|Any CPU
		{AA90966A-0F19-4C20-A02C-7A4E4D2DCB24}.Debug|Any CPU.Build.0 = Debug|Any CPU
		{AA90966A-0F19-4C20-A02C-7A4E4D2DCB24}.Release|Any CPU.ActiveCfg = Release|Any CPU
		{AA90966A-0F19-4C20-A02C-7A4E4D2DCB24}.Release|Any CPU.Build.0 = Release|Any CPU
		{8D316654-B3E7-43C7-BC3C-E1040B5DD1C3}.Debug|Any CPU.ActiveCfg = Debug|Any CPU
		{8D316654-B3E7-43C7-BC3C-E1040B5DD1C3}.Debug|Any CPU.Build.0 = Debug|Any CPU
		{8D316654-B3E7-43C7-BC3C-E1040B5DD1C3}.Release|Any CPU.ActiveCfg = Release|Any CPU
		{8D316654-B3E7-43C7-BC3C-E1040B5DD1C3}.Release|Any CPU.Build.0 = Release|Any CPU
		{EAA7693C-96FC-4C16-BA5C-C23108C33FC0}.Debug|Any CPU.ActiveCfg = Debug|Any CPU
		{EAA7693C-96FC-4C16-BA5C-C23108C33FC0}.Debug|Any CPU.Build.0 = Debug|Any CPU
		{EAA7693C-96FC-4C16-BA5C-C23108C33FC0}.Release|Any CPU.ActiveCfg = Release|Any CPU
		{EAA7693C-96FC-4C16-BA5C-C23108C33FC0}.Release|Any CPU.Build.0 = Release|Any CPU
		{76F7F6DE-0C9B-4764-8331-AB7F06752730}.Debug|Any CPU.ActiveCfg = Debug|Any CPU
		{76F7F6DE-0C9B-4764-8331-AB7F06752730}.Debug|Any CPU.Build.0 = Debug|Any CPU
		{76F7F6DE-0C9B-4764-8331-AB7F06752730}.Release|Any CPU.ActiveCfg = Release|Any CPU
		{76F7F6DE-0C9B-4764-8331-AB7F06752730}.Release|Any CPU.Build.0 = Release|Any CPU
		{9EE9BACF-09ED-4A05-B090-3586E8F37276}.Debug|Any CPU.ActiveCfg = Debug|Any CPU
		{9EE9BACF-09ED-4A05-B090-3586E8F37276}.Debug|Any CPU.Build.0 = Debug|Any CPU
		{9EE9BACF-09ED-4A05-B090-3586E8F37276}.Release|Any CPU.ActiveCfg = Release|Any CPU
		{9EE9BACF-09ED-4A05-B090-3586E8F37276}.Release|Any CPU.Build.0 = Release|Any CPU
	EndGlobalSection
	GlobalSection(SolutionProperties) = preSolution
		HideSolutionNode = FALSE
	EndGlobalSection
	GlobalSection(ExtensibilityGlobals) = postSolution
		SolutionGuid = {3C29E272-A267-47F4-8B30-D3B1D3E952EA}
	EndGlobalSection
EndGlobal
